
Microsoft Visual Studio Solution File, Format Version 12.00
# Visual Studio Version 17
VisualStudioVersion = 17.11.35327.3
MinimumVisualStudioVersion = 10.0.40219.1
Project("{FAE04EC0-301F-11D3-BF4B-00C04F79EFBC}") = "GAME_ZONE", "GAME_ZONE\GAME_ZONE.csproj", "{12612702-FCDD-4D49-B68B-48EE8426654F}"
EndProject
Global
	GlobalSection(SolutionConfigurationPlatforms) = preSolution
		Debug|Any CPU = Debug|Any CPU
		Release|Any CPU = Release|Any CPU
	EndGlobalSection
	GlobalSection(ProjectConfigurationPlatforms) = postSolution
		{12612702-FCDD-4D49-B68B-48EE8426654F}.Debug|Any CPU.ActiveCfg = Debug|Any CPU
		{12612702-FCDD-4D49-B68B-48EE8426654F}.Debug|Any CPU.Build.0 = Debug|Any CPU
		{12612702-FCDD-4D49-B68B-48EE8426654F}.Release|Any CPU.ActiveCfg = Release|Any CPU
		{12612702-FCDD-4D49-B68B-48EE8426654F}.Release|Any CPU.Build.0 = Release|Any CPU
	EndGlobalSection
	GlobalSection(SolutionProperties) = preSolution
		HideSolutionNode = FALSE
	EndGlobalSection
	GlobalSection(ExtensibilityGlobals) = postSolution
		SolutionGuid = {88A25B84-88B7-41E7-91BD-115B8F66A85A}
	EndGlobalSection
EndGlobal
